
Microsoft Visual Studio Solution File, Format Version 12.00
# Visual Studio Version 17
VisualStudioVersion = 17.8.34302.71
MinimumVisualStudioVersion = 10.0.40219.1
Project("{9A19103F-16F7-4668-BE54-9A1E7A4F7556}") = "MaskApp", "MaskApp\MaskApp.csproj", "{B710DC1F-BBE4-4F37-BFE0-690442E2E6DE}"
EndProject
Project("{FAE04EC0-301F-11D3-BF4B-00C04F79EFBC}") = "Business", "Business\Business.csproj", "{8C9AB535-6E14-4984-9D8E-C211F512AD99}"
EndProject
Project("{FAE04EC0-301F-11D3-BF4B-00C04F79EFBC}") = "Entity", "Entity\Entity.csproj", "{00C9A7FE-D589-494E-A130-3C3BDE755940}"
EndProject
Global
	GlobalSection(SolutionConfigurationPlatforms) = preSolution
		Debug|Any CPU = Debug|Any CPU
		Release|Any CPU = Release|Any CPU
	EndGlobalSection
	GlobalSection(ProjectConfigurationPlatforms) = postSolution
		{B710DC1F-BBE4-4F37-BFE0-690442E2E6DE}.Debug|Any CPU.ActiveCfg = Debug|Any CPU
		{B710DC1F-BBE4-4F37-BFE0-690442E2E6DE}.Debug|Any CPU.Build.0 = Debug|Any CPU
		{B710DC1F-BBE4-4F37-BFE0-690442E2E6DE}.Release|Any CPU.ActiveCfg = Release|Any CPU
		{B710DC1F-BBE4-4F37-BFE0-690442E2E6DE}.Release|Any CPU.Build.0 = Release|Any CPU
		{8C9AB535-6E14-4984-9D8E-C211F512AD99}.Debug|Any CPU.ActiveCfg = Debug|Any CPU
		{8C9AB535-6E14-4984-9D8E-C211F512AD99}.Debug|Any CPU.Build.0 = Debug|Any CPU
		{8C9AB535-6E14-4984-9D8E-C211F512AD99}.Release|Any CPU.ActiveCfg = Release|Any CPU
		{8C9AB535-6E14-4984-9D8E-C211F512AD99}.Release|Any CPU.Build.0 = Release|Any CPU
		{00C9A7FE-D589-494E-A130-3C3BDE755940}.Debug|Any CPU.ActiveCfg = Debug|Any CPU
		{00C9A7FE-D589-494E-A130-3C3BDE755940}.Debug|Any CPU.Build.0 = Debug|Any CPU
		{00C9A7FE-D589-494E-A130-3C3BDE755940}.Release|Any CPU.ActiveCfg = Release|Any CPU
		{00C9A7FE-D589-494E-A130-3C3BDE755940}.Release|Any CPU.Build.0 = Release|Any CPU
	EndGlobalSection
	GlobalSection(SolutionProperties) = preSolution
		HideSolutionNode = FALSE
	EndGlobalSection
	GlobalSection(ExtensibilityGlobals) = postSolution
		SolutionGuid = {B5908084-C58C-456A-971E-A3792D556638}
	EndGlobalSection
EndGlobal
